
Microsoft Visual Studio Solution File, Format Version 12.00
# Visual Studio 15
VisualStudioVersion = 15.0.27428.2015
MinimumVisualStudioVersion = 10.0.40219.1
Project("{262852C6-CD72-467D-83FE-5EEB1973A190}") = "Hecho en Casa HN", "Hecho en Casa HN.jsproj", "{70E7ACAC-3132-4433-B46D-AF1B4974A272}"
EndProject
Global
	GlobalSection(SolutionConfigurationPlatforms) = preSolution
		Debug|Android = Debug|Android
		Debug|iOS = Debug|iOS
		Debug|Windows-ARM = Debug|Windows-ARM
		Debug|Windows-x64 = Debug|Windows-x64
		Debug|Windows-x86 = Debug|Windows-x86
		Release|Android = Release|Android
		Release|iOS = Release|iOS
		Release|Windows-ARM = Release|Windows-ARM
		Release|Windows-x64 = Release|Windows-x64
		Release|Windows-x86 = Release|Windows-x86
	EndGlobalSection
	GlobalSection(ProjectConfigurationPlatforms) = postSolution
		{70E7ACAC-3132-4433-B46D-AF1B4974A272}.Debug|Android.ActiveCfg = Debug|Android
		{70E7ACAC-3132-4433-B46D-AF1B4974A272}.Debug|Android.Build.0 = Debug|Android
		{70E7ACAC-3132-4433-B46D-AF1B4974A272}.Debug|Android.Deploy.0 = Debug|Android
		{70E7ACAC-3132-4433-B46D-AF1B4974A272}.Debug|iOS.ActiveCfg = Debug|iOS
		{70E7ACAC-3132-4433-B46D-AF1B4974A272}.Debug|iOS.Build.0 = Debug|iOS
		{70E7ACAC-3132-4433-B46D-AF1B4974A272}.Debug|iOS.Deploy.0 = Debug|iOS
		{70E7ACAC-3132-4433-B46D-AF1B4974A272}.Debug|Windows-ARM.ActiveCfg = Debug|Windows-ARM
		{70E7ACAC-3132-4433-B46D-AF1B4974A272}.Debug|Windows-ARM.Build.0 = Debug|Windows-ARM
		{70E7ACAC-3132-4433-B46D-AF1B4974A272}.Debug|Windows-ARM.Deploy.0 = Debug|Windows-ARM
		{70E7ACAC-3132-4433-B46D-AF1B4974A272}.Debug|Windows-x64.ActiveCfg = Debug|Windows-x64
		{70E7ACAC-3132-4433-B46D-AF1B4974A272}.Debug|Windows-x64.Build.0 = Debug|Windows-x64
		{70E7ACAC-3132-4433-B46D-AF1B4974A272}.Debug|Windows-x64.Deploy.0 = Debug|Windows-x64
		{70E7ACAC-3132-4433-B46D-AF1B4974A272}.Debug|Windows-x86.ActiveCfg = Debug|Windows-x86
		{70E7ACAC-3132-4433-B46D-AF1B4974A272}.Debug|Windows-x86.Build.0 = Debug|Windows-x86
		{70E7ACAC-3132-4433-B46D-AF1B4974A272}.Debug|Windows-x86.Deploy.0 = Debug|Windows-x86
		{70E7ACAC-3132-4433-B46D-AF1B4974A272}.Release|Android.ActiveCfg = Release|Android
		{70E7ACAC-3132-4433-B46D-AF1B4974A272}.Release|Android.Build.0 = Release|Android
		{70E7ACAC-3132-4433-B46D-AF1B4974A272}.Release|Android.Deploy.0 = Release|Android
		{70E7ACAC-3132-4433-B46D-AF1B4974A272}.Release|iOS.ActiveCfg = Release|iOS
		{70E7ACAC-3132-4433-B46D-AF1B4974A272}.Release|iOS.Build.0 = Release|iOS
		{70E7ACAC-3132-4433-B46D-AF1B4974A272}.Release|iOS.Deploy.0 = Release|iOS
		{70E7ACAC-3132-4433-B46D-AF1B4974A272}.Release|Windows-ARM.ActiveCfg = Release|Windows-ARM
		{70E7ACAC-3132-4433-B46D-AF1B4974A272}.Release|Windows-ARM.Build.0 = Release|Windows-ARM
		{70E7ACAC-3132-4433-B46D-AF1B4974A272}.Release|Windows-ARM.Deploy.0 = Release|Windows-ARM
		{70E7ACAC-3132-4433-B46D-AF1B4974A272}.Release|Windows-x64.ActiveCfg = Release|Windows-x64
		{70E7ACAC-3132-4433-B46D-AF1B4974A272}.Release|Windows-x64.Build.0 = Release|Windows-x64
		{70E7ACAC-3132-4433-B46D-AF1B4974A272}.Release|Windows-x64.Deploy.0 = Release|Windows-x64
		{70E7ACAC-3132-4433-B46D-AF1B4974A272}.Release|Windows-x86.ActiveCfg = Release|Windows-x86
		{70E7ACAC-3132-4433-B46D-AF1B4974A272}.Release|Windows-x86.Build.0 = Release|Windows-x86
		{70E7ACAC-3132-4433-B46D-AF1B4974A272}.Release|Windows-x86.Deploy.0 = Release|Windows-x86
	EndGlobalSection
	GlobalSection(SolutionProperties) = preSolution
		HideSolutionNode = FALSE
	EndGlobalSection
	GlobalSection(ExtensibilityGlobals) = postSolution
		SolutionGuid = {B0D21A80-E599-48EA-8900-748964C264C4}
	EndGlobalSection
EndGlobal
